lockfileVersion: '9.0'

settings:
  autoInstallPeers: true
  excludeLinksFromLockfile: false

importers:

  .:
    devDependencies:
      '@waelio/agent':
        specifier: ^0.2.1
        version: 0.2.1

packages:

  '@types/trusted-types@2.0.7':
    resolution: {integrity: sha512-ScaPdn1dQczgbl0QFTeTOmVHFULt394XJgOQNoyVhZ6r2vLnMLJfBPd53SB52T/3G36VI1/g2MZaX0cwDuXsfw==}

  '@waelio/agent@0.2.1':
    resolution: {integrity: sha512-liFld3d+yNlKYh67KcsZ/uhvekys1atH+BECtEmcFXmFvdUPyyL06R1O6y1X7sjqtodoURGEEO/lcFOOWlqfRw==}
    engines: {node: ^20.19.0 || >=22.12.0}

  workbox-core@7.4.1:
    resolution: {integrity: sha512-DT+vu46eh/2vRsSHTY4Xmc32Z1rr9PRlQUXr1Dx30ZuXRWwOsvZgGgcwxcasubQLQmbTNYZjv44LkBAQ4tT5tQ==}

  workbox-window@7.4.1:
    resolution: {integrity: sha512-notZDH2u8VXaqyuD7xaqIfEFi6SRM4SUSd7ewe9PDsVqADuepxX2ZMY3uvuZGxzY5ZOsGC/vD3A/3smFtJt4/A==}

snapshots:

  '@types/trusted-types@2.0.7': {}

  '@waelio/agent@0.2.1':
    dependencies:
      workbox-window: 7.4.1

  workbox-core@7.4.1: {}

  workbox-window@7.4.1:
    dependencies:
      '@types/trusted-types': 2.0.7
      workbox-core: 7.4.1
